
Microsoft Visual Studio Solution File, Format Version 12.00
# Visual Studio Version 17
VisualStudioVersion = 17.5.002.0
MinimumVisualStudioVersion = 10.0.40219.1
Project("{9A19103F-16F7-4668-BE54-9A1E7A4F7556}") = "most_frequent_words_dotnet", "most_frequent_words_dotnet.csproj", "{0CDDDF75-EC1A-413A-B3BD-DFC8338A2E82}"
EndProject
Global
	GlobalSection(SolutionConfigurationPlatforms) = preSolution
		Debug|Any CPU = Debug|Any CPU
		Release|Any CPU = Release|Any CPU
	EndGlobalSection
	GlobalSection(ProjectConfigurationPlatforms) = postSolution
		{0CDDDF75-EC1A-413A-B3BD-DFC8338A2E82}.Debug|Any CPU.ActiveCfg = Debug|Any CPU
		{0CDDDF75-EC1A-413A-B3BD-DFC8338A2E82}.Debug|Any CPU.Build.0 = Debug|Any CPU
		{0CDDDF75-EC1A-413A-B3BD-DFC8338A2E82}.Release|Any CPU.ActiveCfg = Release|Any CPU
		{0CDDDF75-EC1A-413A-B3BD-DFC8338A2E82}.Release|Any CPU.Build.0 = Release|Any CPU
	EndGlobalSection
	GlobalSection(SolutionProperties) = preSolution
		HideSolutionNode = FALSE
	EndGlobalSection
	GlobalSection(ExtensibilityGlobals) = postSolution
		SolutionGuid = {FD151197-262F-4AE7-862E-9AEB2708CCBA}
	EndGlobalSection
EndGlobal
